// !$*UTF8*$!
{
	archiveVersion = 1;
	classes = {
	};
	objectVersion = 50;
	objects = {

/* Begin PBXBuildFile section */
		340A7FF52148363700352E9E /* main.cpp in Sources */ = {isa = PBXBuildFile; fileRef = 340A7FF42148363700352E9E /* main.cpp */; };
		340A7FFD214837E100352E9E /* RtAudio.cpp in Sources */ = {isa = PBXBuildFile; fileRef = 340A7FFB214837E100352E9E /* RtAudio.cpp */; };
		3458656B214D418D00496A95 /* Oscillator.cpp in Sources */ = {isa = PBXBuildFile; fileRef = 34586569214D418D00496A95 /* Oscillator.cpp */; };
		34586590214D4A3B00496A95 /* Envelope.cpp in Sources */ = {isa = PBXBuildFile; fileRef = 3458658E214D4A3B00496A95 /* Envelope.cpp */; };
		34586593214D4C6900496A95 /* AudioSettings.cpp in Sources */ = {isa = PBXBuildFile; fileRef = 34586591214D4C6900496A95 /* AudioSettings.cpp */; };
		34586596214E823900496A95 /* CoreAudio.framework in Frameworks */ = {isa = PBXBuildFile; fileRef = 34586595214E823900496A95 /* CoreAudio.framework */; };
		34586598214E825400496A95 /* CoreFoundation.framework in Frameworks */ = {isa = PBXBuildFile; fileRef = 34586597214E825400496A95 /* CoreFoundation.framework */; };
/* End PBXBuildFile section */

/* Begin PBXCopyFilesBuildPhase section */
		340A7FEF2148363600352E9E /* CopyFiles */ = {
			isa = PBXCopyFilesBuildPhase;
			buildActionMask = 2147483647;
			dstPath = /usr/share/man/man1/;
			dstSubfolderSpec = 0;
			files = (
			);
			runOnlyForDeploymentPostprocessing = 1;
		};
/* End PBXCopyFilesBuildPhase section */

/* Begin PBXFileReference section */
		340A7FF12148363600352E9E /* WallOfSound */ = {isa = PBXFileReference; explicitFileType = "compiled.mach-o.executable"; includeInIndex = 0; path = WallOfSound; sourceTree = BUILT_PRODUCTS_DIR; };
		340A7FF42148363700352E9E /* main.cpp */ = {isa = PBXFileReference; lastKnownFileType = sourcecode.cpp.cpp; path = main.cpp; sourceTree = "<group>"; };
		340A7FFB214837E100352E9E /* RtAudio.cpp */ = {isa = PBXFileReference; fileEncoding = 4; lastKnownFileType = sourcecode.cpp.cpp; path = RtAudio.cpp; sourceTree = "<group>"; };
		340A7FFF214844A100352E9E /* RtAudio.h */ = {isa = PBXFileReference; fileEncoding = 4; lastKnownFileType = sourcecode.c.h; path = RtAudio.h; sourceTree = "<group>"; };
		34586569214D418D00496A95 /* Oscillator.cpp */ = {isa = PBXFileReference; lastKnownFileType = sourcecode.cpp.cpp; path = Oscillator.cpp; sourceTree = "<group>"; };
		3458656A214D418D00496A95 /* Oscillator.hpp */ = {isa = PBXFileReference; lastKnownFileType = sourcecode.cpp.h; path = Oscillator.hpp; sourceTree = "<group>"; };
		3458658E214D4A3B00496A95 /* Envelope.cpp */ = {isa = PBXFileReference; lastKnownFileType = sourcecode.cpp.cpp; path = Envelope.cpp; sourceTree = "<group>"; };
		3458658F214D4A3B00496A95 /* Envelope.hpp */ = {isa = PBXFileReference; lastKnownFileType = sourcecode.cpp.h; path = Envelope.hpp; sourceTree = "<group>"; };
		34586591214D4C6900496A95 /* AudioSettings.cpp */ = {isa = PBXFileReference; lastKnownFileType = sourcecode.cpp.cpp; path = AudioSettings.cpp; sourceTree = "<group>"; };
		34586592214D4C6900496A95 /* AudioSettings.hpp */ = {isa = PBXFileReference; lastKnownFileType = sourcecode.cpp.h; path = AudioSettings.hpp; sourceTree = "<group>"; };
		34586595214E823900496A95 /* CoreAudio.framework */ = {isa = PBXFileReference; lastKnownFileType = wrapper.framework; name = CoreAudio.framework; path = System/Library/Frameworks/CoreAudio.framework; sourceTree = SDKROOT; };
		34586597214E825400496A95 /* CoreFoundation.framework */ = {isa = PBXFileReference; lastKnownFileType = wrapper.framework; name = CoreFoundation.framework; path = System/Library/Frameworks/CoreFoundation.framework; sourceTree = SDKROOT; };
/* End PBXFileReference section */

/* Begin PBXFrameworksBuildPhase section */
		340A7FEE2148363600352E9E /* Frameworks */ = {
			isa = PBXFrameworksBuildPhase;
			buildActionMask = 2147483647;
			files = (
				34586598214E825400496A95 /* CoreFoundation.framework in Frameworks */,
				34586596214E823900496A95 /* CoreAudio.framework in Frameworks */,
			);
			runOnlyForDeploymentPostprocessing = 0;
		};
/* End PBXFrameworksBuildPhase section */

/* Begin PBXGroup section */
		340A7FE82148363600352E9E = {
			isa = PBXGroup;
			children = (
				340A7FF32148363600352E9E /* WallOfSound */,
				340A7FF22148363600352E9E /* Products */,
				34586594214E823900496A95 /* Frameworks */,
			);
			sourceTree = "<group>";
		};
		340A7FF22148363600352E9E /* Products */ = {
			isa = PBXGroup;
			children = (
				340A7FF12148363600352E9E /* WallOfSound */,
			);
			name = Products;
			sourceTree = "<group>";
		};
		340A7FF32148363600352E9E /* WallOfSound */ = {
			isa = PBXGroup;
			children = (
				340A7FF42148363700352E9E /* main.cpp */,
				340A7FFB214837E100352E9E /* RtAudio.cpp */,
				340A7FFF214844A100352E9E /* RtAudio.h */,
				34586569214D418D00496A95 /* Oscillator.cpp */,
				3458656A214D418D00496A95 /* Oscillator.hpp */,
				3458658E214D4A3B00496A95 /* Envelope.cpp */,
				3458658F214D4A3B00496A95 /* Envelope.hpp */,
				34586591214D4C6900496A95 /* AudioSettings.cpp */,
				34586592214D4C6900496A95 /* AudioSettings.hpp */,
			);
			path = WallOfSound;
			sourceTree = "<group>";
		};
		34586594214E823900496A95 /* Frameworks */ = {
			isa = PBXGroup;
			children = (
				34586597214E825400496A95 /* CoreFoundation.framework */,
				34586595214E823900496A95 /* CoreAudio.framework */,
			);
			name = Frameworks;
			sourceTree = "<group>";
		};
/* End PBXGroup section */

/* Begin PBXNativeTarget section */
		340A7FF02148363600352E9E /* WallOfSound */ = {
			isa = PBXNativeTarget;
			buildConfigurationList = 340A7FF82148363700352E9E /* Build configuration list for PBXNativeTarget "WallOfSound" */;
			buildPhases = (
				340A7FED2148363600352E9E /* Sources */,
				340A7FEE2148363600352E9E /* Frameworks */,
				340A7FEF2148363600352E9E /* CopyFiles */,
			);
			buildRules = (
			);
			dependencies = (
			);
			name = WallOfSound;
			productName = WallOfSound;
			productReference = 340A7FF12148363600352E9E /* WallOfSound */;
			productType = "com.apple.product-type.tool";
		};
/* End PBXNativeTarget section */

/* Begin PBXProject section */
		340A7FE92148363600352E9E /* Project object */ = {
			isa = PBXProject;
			attributes = {
				LastUpgradeCheck = 0930;
				ORGANIZATIONNAME = Matthew;
				TargetAttributes = {
					340A7FF02148363600352E9E = {
						CreatedOnToolsVersion = 9.3.1;
					};
				};
			};
			buildConfigurationList = 340A7FEC2148363600352E9E /* Build configuration list for PBXProject "WallOfSound" */;
			compatibilityVersion = "Xcode 9.3";
			developmentRegion = en;
			hasScannedForEncodings = 0;
			knownRegions = (
				en,
			);
			mainGroup = 340A7FE82148363600352E9E;
			productRefGroup = 340A7FF22148363600352E9E /* Products */;
			projectDirPath = "";
			projectRoot = "";
			targets = (
				340A7FF02148363600352E9E /* WallOfSound */,
			);
		};
/* End PBXProject section */

/* Begin PBXSourcesBuildPhase section */
		340A7FED2148363600352E9E /* Sources */ = {
			isa = PBXSourcesBuildPhase;
			buildActionMask = 2147483647;
			files = (
				340A7FFD214837E100352E9E /* RtAudio.cpp in Sources */,
				340A7FF52148363700352E9E /* main.cpp in Sources */,
				34586593214D4C6900496A95 /* AudioSettings.cpp in Sources */,
				3458656B214D418D00496A95 /* Oscillator.cpp in Sources */,
				34586590214D4A3B00496A95 /* Envelope.cpp in Sources */,
			);
			runOnlyForDeploymentPostprocessing = 0;
		};
/* End PBXSourcesBuildPhase section */

/* Begin XCBuildConfiguration section */
		340A7FF62148363700352E9E /* Debug */ = {
			isa = XCBuildConfiguration;
			buildSettings = {
				ALWAYS_SEARCH_USER_PATHS = NO;
				CLANG_ANALYZER_NONNULL = YES;
				CLANG_ANALYZER_NUMBER_OBJECT_CONVERSION = YES_AGGRESSIVE;
				CLANG_CXX_LANGUAGE_STANDARD = "gnu++14";
				CLANG_CXX_LIBRARY = "libc++";
				CLANG_ENABLE_MODULES = YES;
				CLANG_ENABLE_OBJC_ARC = YES;
				CLANG_ENABLE_OBJC_WEAK = YES;
				CLANG_WARN_BLOCK_CAPTURE_AUTORELEASING = YES;
				CLANG_WARN_BOOL_CONVERSION = YES;
				CLANG_WARN_COMMA = YES;
				CLANG_WARN_CONSTANT_CONVERSION = YES;
				CLANG_WARN_DEPRECATED_OBJC_IMPLEMENTATIONS = YES;
				CLANG_WARN_DIRECT_OBJC_ISA_USAGE = YES_ERROR;
				CLANG_WARN_DOCUMENTATION_COMMENTS = YES;
				CLANG_WARN_EMPTY_BODY = YES;
				CLANG_WARN_ENUM_CONVERSION = YES;
				CLANG_WARN_INFINITE_RECURSION = YES;
				CLANG_WARN_INT_CONVERSION = YES;
				CLANG_WARN_NON_LITERAL_NULL_CONVERSION = YES;
				CLANG_WARN_OBJC_IMPLICIT_RETAIN_SELF = YES;
				CLANG_WARN_OBJC_LITERAL_CONVERSION = YES;
				CLANG_WARN_OBJC_ROOT_CLASS = YES_ERROR;
				CLANG_WARN_RANGE_LOOP_ANALYSIS = YES;
				CLANG_WARN_STRICT_PROTOTYPES = YES;
				CLANG_WARN_SUSPICIOUS_MOVE = YES;
				CLANG_WARN_UNGUARDED_AVAILABILITY = YES_AGGRESSIVE;
				CLANG_WARN_UNREACHABLE_CODE = YES;
				CLANG_WARN__DUPLICATE_METHOD_MATCH = YES;
				CODE_SIGN_IDENTITY = "-";
				COPY_PHASE_STRIP = NO;
				DEBUG_INFORMATION_FORMAT = dwarf;
				ENABLE_STRICT_OBJC_MSGSEND = YES;
				ENABLE_TESTABILITY = YES;
				GCC_C_LANGUAGE_STANDARD = gnu11;
				GCC_DYNAMIC_NO_PIC = NO;
				GCC_NO_COMMON_BLOCKS = YES;
				GCC_OPTIMIZATION_LEVEL = 0;
				GCC_PREPROCESSOR_DEFINITIONS_NOT_USED_IN_PRECOMPS = __MACOSX_CORE__;
				GCC_WARN_64_TO_32_BIT_CONVERSION = YES;
				GCC_WARN_ABOUT_RETURN_TYPE = YES_ERROR;
				GCC_WARN_UNDECLARED_SELECTOR = YES;
				GCC_WARN_UNINITIALIZED_AUTOS = YES_AGGRESSIVE;
				GCC_WARN_UNUSED_FUNCTION = YES;
				GCC_WARN_UNUSED_VARIABLE = YES;
				MACOSX_DEPLOYMENT_TARGET = 10.13;
				MTL_ENABLE_DEBUG_INFO = YES;
				ONLY_ACTIVE_ARCH = YES;
				SDKROOT = macosx;
			};
			name = Debug;
		};
		340A7FF72148363700352E9E /* Release */ = {
			isa = XCBuildConfiguration;
			buildSettings = {
				ALWAYS_SEARCH_USER_PATHS = NO;
				CLANG_ANALYZER_NONNULL = YES;
				CLANG_ANALYZER_NUMBER_OBJECT_CONVERSION = YES_AGGRESSIVE;
				CLANG_CXX_LANGUAGE_STANDARD = "gnu++14";
				CLANG_CXX_LIBRARY = "libc++";
				CLANG_ENABLE_MODULES = YES;
				CLANG_ENABLE_OBJC_ARC = YES;
				CLANG_ENABLE_OBJC_WEAK = YES;
				CLANG_WARN_BLOCK_CAPTURE_AUTORELEASING = YES;
				CLANG_WARN_BOOL_CONVERSION = YES;
				CLANG_WARN_COMMA = YES;
				CLANG_WARN_CONSTANT_CONVERSION = YES;
				CLANG_WARN_DEPRECATED_OBJC_IMPLEMENTATIONS = YES;
				CLANG_WARN_DIRECT_OBJC_ISA_USAGE = YES_ERROR;
				CLANG_WARN_DOCUMENTATION_COMMENTS = YES;
				CLANG_WARN_EMPTY_BODY = YES;
				CLANG_WARN_ENUM_CONVERSION = YES;
				CLANG_WARN_INFINITE_RECURSION = YES;
				CLANG_WARN_INT_CONVERSION = YES;
				CLANG_WARN_NON_LITERAL_NULL_CONVERSION = YES;
				CLANG_WARN_OBJC_IMPLICIT_RETAIN_SELF = YES;
				CLANG_WARN_OBJC_LITERAL_CONVERSION = YES;
				CLANG_WARN_OBJC_ROOT_CLASS = YES_ERROR;
				CLANG_WARN_RANGE_LOOP_ANALYSIS = YES;
				CLANG_WARN_STRICT_PROTOTYPES = YES;
				CLANG_WARN_SUSPICIOUS_MOVE = YES;
				CLANG_WARN_UNGUARDED_AVAILABILITY = YES_AGGRESSIVE;
				CLANG_WARN_UNREACHABLE_CODE = YES;
				CLANG_WARN__DUPLICATE_METHOD_MATCH = YES;
				CODE_SIGN_IDENTITY = "-";
				COPY_PHASE_STRIP = NO;
				DEBUG_INFORMATION_FORMAT = "dwarf-with-dsym";
				ENABLE_NS_ASSERTIONS = NO;
				ENABLE_STRICT_OBJC_MSGSEND = YES;
				GCC_C_LANGUAGE_STANDARD = gnu11;
				GCC_NO_COMMON_BLOCKS = YES;
				GCC_PREPROCESSOR_DEFINITIONS_NOT_USED_IN_PRECOMPS = __MACOSX_CORE__;
				GCC_WARN_64_TO_32_BIT_CONVERSION = YES;
				GCC_WARN_ABOUT_RETURN_TYPE = YES_ERROR;
				GCC_WARN_UNDECLARED_SELECTOR = YES;
				GCC_WARN_UNINITIALIZED_AUTOS = YES_AGGRESSIVE;
				GCC_WARN_UNUSED_FUNCTION = YES;
				GCC_WARN_UNUSED_VARIABLE = YES;
				MACOSX_DEPLOYMENT_TARGET = 10.13;
				MTL_ENABLE_DEBUG_INFO = NO;
				SDKROOT = macosx;
			};
			name = Release;
		};
		340A7FF92148363700352E9E /* Debug */ = {
			isa = XCBuildConfiguration;
			buildSettings = {
				CODE_SIGN_STYLE = Automatic;
				GCC_PREPROCESSOR_DEFINITIONS = (
					"_GLIBCXX_DEBUG=1",
					"_GLIBCXX_DEBUG_PEDANTIC=1",
				);
				GCC_PREPROCESSOR_DEFINITIONS_NOT_USED_IN_PRECOMPS = __MACOSX_CORE__;
				PRODUCT_NAME = "$(TARGET_NAME)";
			};
			name = Debug;
		};
		340A7FFA2148363700352E9E /* Release */ = {
			isa = XCBuildConfiguration;
			buildSettings = {
				CODE_SIGN_STYLE = Automatic;
				GCC_PREPROCESSOR_DEFINITIONS_NOT_USED_IN_PRECOMPS = __MACOSX_CORE__;
				PRODUCT_NAME = "$(TARGET_NAME)";
			};
			name = Release;
		};
/* End XCBuildConfiguration section */

/* Begin XCConfigurationList section */
		340A7FEC2148363600352E9E /* Build configuration list for PBXProject "WallOfSound" */ = {
			isa = XCConfigurationList;
			buildConfigurations = (
				340A7FF62148363700352E9E /* Debug */,
				340A7FF72148363700352E9E /* Release */,
			);
			defaultConfigurationIsVisible = 0;
			defaultConfigurationName = Release;
		};
		340A7FF82148363700352E9E /* Build configuration list for PBXNativeTarget "WallOfSound" */ = {
			isa = XCConfigurationList;
			buildConfigurations = (
				340A7FF92148363700352E9E /* Debug */,
				340A7FFA2148363700352E9E /* Release */,
			);
			defaultConfigurationIsVisible = 0;
			defaultConfigurationName = Release;
		};
/* End XCConfigurationList section */
	};
	rootObject = 340A7FE92148363600352E9E /* Project object */;
}
